
Microsoft Visual Studio Solution File, Format Version 12.00
# Visual Studio Version 17
Project("{8BC9CEB8-8B4A-11D0-8D11-00A0C91BC942}") = "ALL_BUILD", "ALL_BUILD.vcxproj", "{AE292E26-226B-30F7-9EC2-66B680C35BA8}"
	ProjectSection(ProjectDependencies) = postProject
		{FA3CA2F2-6CB0-3793-AFA7-CBA917AA1716} = {FA3CA2F2-6CB0-3793-AFA7-CBA917AA1716}
		{C67A1549-4CC4-33B7-9E96-0ECE400A3426} = {C67A1549-4CC4-33B7-9E96-0ECE400A3426}
		{8C2E2EAB-8956-3376-B796-069BE5F99002} = {8C2E2EAB-8956-3376-B796-069BE5F99002}
		{B9F62345-E948-33EC-B30B-2B68BF1A09B4} = {B9F62345-E948-33EC-B30B-2B68BF1A09B4}
		{FB2D68CF-F9E3-32BF-B9CA-310E1D0038F7} = {FB2D68CF-F9E3-32BF-B9CA-310E1D0038F7}
	EndProjectSection
EndProject
Project("{8BC9CEB8-8B4A-11D0-8D11-00A0C91BC942}") = "FlyKylin", "src\FlyKylin.vcxproj", "{FA3CA2F2-6CB0-3793-AFA7-CBA917AA1716}"
	ProjectSection(ProjectDependencies) = postProject
		{C67A1549-4CC4-33B7-9E96-0ECE400A3426} = {C67A1549-4CC4-33B7-9E96-0ECE400A3426}
		{8C2E2EAB-8956-3376-B796-069BE5F99002} = {8C2E2EAB-8956-3376-B796-069BE5F99002}
		{B9F62345-E948-33EC-B30B-2B68BF1A09B4} = {B9F62345-E948-33EC-B30B-2B68BF1A09B4}
	EndProjectSection
EndProject
Project("{8BC9CEB8-8B4A-11D0-8D11-00A0C91BC942}") = "INSTALL", "INSTALL.vcxproj", "{BEB9A2D5-1781-362F-827A-CE73E6A8B2A0}"
	ProjectSection(ProjectDependencies) = postProject
		{AE292E26-226B-30F7-9EC2-66B680C35BA8} = {AE292E26-226B-30F7-9EC2-66B680C35BA8}
		{C67A1549-4CC4-33B7-9E96-0ECE400A3426} = {C67A1549-4CC4-33B7-9E96-0ECE400A3426}
	EndProjectSection
EndProject
Project("{8BC9CEB8-8B4A-11D0-8D11-00A0C91BC942}") = "PACKAGE", "PACKAGE.vcxproj", "{91D28A18-4D25-361C-8BCB-3D9327EF09DC}"
	ProjectSection(ProjectDependencies) = postProject
		{AE292E26-226B-30F7-9EC2-66B680C35BA8} = {AE292E26-226B-30F7-9EC2-66B680C35BA8}
		{C67A1549-4CC4-33B7-9E96-0ECE400A3426} = {C67A1549-4CC4-33B7-9E96-0ECE400A3426}
	EndProjectSection
EndProject
Project("{8BC9CEB8-8B4A-11D0-8D11-00A0C91BC942}") = "RUN_TESTS", "RUN_TESTS.vcxproj", "{0DC2F1A8-15FA-311F-88C9-ED57B12CE9C8}"
	ProjectSection(ProjectDependencies) = postProject
		{C67A1549-4CC4-33B7-9E96-0ECE400A3426} = {C67A1549-4CC4-33B7-9E96-0ECE400A3426}
	EndProjectSection
EndProject
Project("{8BC9CEB8-8B4A-11D0-8D11-00A0C91BC942}") = "ZERO_CHECK", "ZERO_CHECK.vcxproj", "{C67A1549-4CC4-33B7-9E96-0ECE400A3426}"
	ProjectSection(ProjectDependencies) = postProject
	EndProjectSection
EndProject
Project("{8BC9CEB8-8B4A-11D0-8D11-00A0C91BC942}") = "flykylin_core", "src\core\flykylin_core.vcxproj", "{8C2E2EAB-8956-3376-B796-069BE5F99002}"
	ProjectSection(ProjectDependencies) = postProject
		{C67A1549-4CC4-33B7-9E96-0ECE400A3426} = {C67A1549-4CC4-33B7-9E96-0ECE400A3426}
		{B9F62345-E948-33EC-B30B-2B68BF1A09B4} = {B9F62345-E948-33EC-B30B-2B68BF1A09B4}
	EndProjectSection
EndProject
Project("{8BC9CEB8-8B4A-11D0-8D11-00A0C91BC942}") = "flykylin_protocol", "protocol\flykylin_protocol.vcxproj", "{B9F62345-E948-33EC-B30B-2B68BF1A09B4}"
	ProjectSection(ProjectDependencies) = postProject
		{C67A1549-4CC4-33B7-9E96-0ECE400A3426} = {C67A1549-4CC4-33B7-9E96-0ECE400A3426}
		{209797E1-779E-335A-A3F4-209656B7AE0E} = {209797E1-779E-335A-A3F4-209656B7AE0E}
	EndProjectSection
EndProject
Project("{8BC9CEB8-8B4A-11D0-8D11-00A0C91BC942}") = "flykylin_protocol_autogen", "protocol\flykylin_protocol_autogen.vcxproj", "{209797E1-779E-335A-A3F4-209656B7AE0E}"
	ProjectSection(ProjectDependencies) = postProject
		{C67A1549-4CC4-33B7-9E96-0ECE400A3426} = {C67A1549-4CC4-33B7-9E96-0ECE400A3426}
	EndProjectSection
EndProject
Project("{8BC9CEB8-8B4A-11D0-8D11-00A0C91BC942}") = "flykylin_tests", "tests\flykylin_tests.vcxproj", "{FB2D68CF-F9E3-32BF-B9CA-310E1D0038F7}"
	ProjectSection(ProjectDependencies) = postProject
		{C67A1549-4CC4-33B7-9E96-0ECE400A3426} = {C67A1549-4CC4-33B7-9E96-0ECE400A3426}
		{8C2E2EAB-8956-3376-B796-069BE5F99002} = {8C2E2EAB-8956-3376-B796-069BE5F99002}
		{B9F62345-E948-33EC-B30B-2B68BF1A09B4} = {B9F62345-E948-33EC-B30B-2B68BF1A09B4}
	EndProjectSection
EndProject
Global
	GlobalSection(SolutionConfigurationPlatforms) = preSolution
		Debug|x64 = Debug|x64
		Release|x64 = Release|x64
		MinSizeRel|x64 = MinSizeRel|x64
		RelWithDebInfo|x64 = RelWithDebInfo|x64
	EndGlobalSection
	GlobalSection(ProjectConfigurationPlatforms) = postSolution
		{AE292E26-226B-30F7-9EC2-66B680C35BA8}.Debug|x64.ActiveCfg = Debug|x64
		{AE292E26-226B-30F7-9EC2-66B680C35BA8}.Debug|x64.Build.0 = Debug|x64
		{AE292E26-226B-30F7-9EC2-66B680C35BA8}.Release|x64.ActiveCfg = Release|x64
		{AE292E26-226B-30F7-9EC2-66B680C35BA8}.Release|x64.Build.0 = Release|x64
		{AE292E26-226B-30F7-9EC2-66B680C35BA8}.MinSizeRel|x64.ActiveCfg = MinSizeRel|x64
		{AE292E26-226B-30F7-9EC2-66B680C35BA8}.MinSizeRel|x64.Build.0 = MinSizeRel|x64
		{AE292E26-226B-30F7-9EC2-66B680C35BA8}.RelWithDebInfo|x64.ActiveCfg = RelWithDebInfo|x64
		{AE292E26-226B-30F7-9EC2-66B680C35BA8}.RelWithDebInfo|x64.Build.0 = RelWithDebInfo|x64
		{FA3CA2F2-6CB0-3793-AFA7-CBA917AA1716}.Debug|x64.ActiveCfg = Debug|x64
		{FA3CA2F2-6CB0-3793-AFA7-CBA917AA1716}.Debug|x64.Build.0 = Debug|x64
		{FA3CA2F2-6CB0-3793-AFA7-CBA917AA1716}.Release|x64.ActiveCfg = Release|x64
		{FA3CA2F2-6CB0-3793-AFA7-CBA917AA1716}.Release|x64.Build.0 = Release|x64
		{FA3CA2F2-6CB0-3793-AFA7-CBA917AA1716}.MinSizeRel|x64.ActiveCfg = MinSizeRel|x64
		{FA3CA2F2-6CB0-3793-AFA7-CBA917AA1716}.MinSizeRel|x64.Build.0 = MinSizeRel|x64
		{FA3CA2F2-6CB0-3793-AFA7-CBA917AA1716}.RelWithDebInfo|x64.ActiveCfg = RelWithDebInfo|x64
		{FA3CA2F2-6CB0-3793-AFA7-CBA917AA1716}.RelWithDebInfo|x64.Build.0 = RelWithDebInfo|x64
		{BEB9A2D5-1781-362F-827A-CE73E6A8B2A0}.Debug|x64.ActiveCfg = Debug|x64
		{BEB9A2D5-1781-362F-827A-CE73E6A8B2A0}.Release|x64.ActiveCfg = Release|x64
		{BEB9A2D5-1781-362F-827A-CE73E6A8B2A0}.MinSizeRel|x64.ActiveCfg = MinSizeRel|x64
		{BEB9A2D5-1781-362F-827A-CE73E6A8B2A0}.RelWithDebInfo|x64.ActiveCfg = RelWithDebInfo|x64
		{91D28A18-4D25-361C-8BCB-3D9327EF09DC}.Debug|x64.ActiveCfg = Debug|x64
		{91D28A18-4D25-361C-8BCB-3D9327EF09DC}.Release|x64.ActiveCfg = Release|x64
		{91D28A18-4D25-361C-8BCB-3D9327EF09DC}.MinSizeRel|x64.ActiveCfg = MinSizeRel|x64
		{91D28A18-4D25-361C-8BCB-3D9327EF09DC}.RelWithDebInfo|x64.ActiveCfg = RelWithDebInfo|x64
		{0DC2F1A8-15FA-311F-88C9-ED57B12CE9C8}.Debug|x64.ActiveCfg = Debug|x64
		{0DC2F1A8-15FA-311F-88C9-ED57B12CE9C8}.Release|x64.ActiveCfg = Release|x64
		{0DC2F1A8-15FA-311F-88C9-ED57B12CE9C8}.MinSizeRel|x64.ActiveCfg = MinSizeRel|x64
		{0DC2F1A8-15FA-311F-88C9-ED57B12CE9C8}.RelWithDebInfo|x64.ActiveCfg = RelWithDebInfo|x64
		{C67A1549-4CC4-33B7-9E96-0ECE400A3426}.Debug|x64.ActiveCfg = Debug|x64
		{C67A1549-4CC4-33B7-9E96-0ECE400A3426}.Debug|x64.Build.0 = Debug|x64
		{C67A1549-4CC4-33B7-9E96-0ECE400A3426}.Release|x64.ActiveCfg = Release|x64
		{C67A1549-4CC4-33B7-9E96-0ECE400A3426}.Release|x64.Build.0 = Release|x64
		{C67A1549-4CC4-33B7-9E96-0ECE400A3426}.MinSizeRel|x64.ActiveCfg = MinSizeRel|x64
		{C67A1549-4CC4-33B7-9E96-0ECE400A3426}.MinSizeRel|x64.Build.0 = MinSizeRel|x64
		{C67A1549-4CC4-33B7-9E96-0ECE400A3426}.RelWithDebInfo|x64.ActiveCfg = RelWithDebInfo|x64
		{C67A1549-4CC4-33B7-9E96-0ECE400A3426}.RelWithDebInfo|x64.Build.0 = RelWithDebInfo|x64
		{8C2E2EAB-8956-3376-B796-069BE5F99002}.Debug|x64.ActiveCfg = Debug|x64
		{8C2E2EAB-8956-3376-B796-069BE5F99002}.Debug|x64.Build.0 = Debug|x64
		{8C2E2EAB-8956-3376-B796-069BE5F99002}.Release|x64.ActiveCfg = Release|x64
		{8C2E2EAB-8956-3376-B796-069BE5F99002}.Release|x64.Build.0 = Release|x64
		{8C2E2EAB-8956-3376-B796-069BE5F99002}.MinSizeRel|x64.ActiveCfg = MinSizeRel|x64
		{8C2E2EAB-8956-3376-B796-069BE5F99002}.MinSizeRel|x64.Build.0 = MinSizeRel|x64
		{8C2E2EAB-8956-3376-B796-069BE5F99002}.RelWithDebInfo|x64.ActiveCfg = RelWithDebInfo|x64
		{8C2E2EAB-8956-3376-B796-069BE5F99002}.RelWithDebInfo|x64.Build.0 = RelWithDebInfo|x64
		{B9F62345-E948-33EC-B30B-2B68BF1A09B4}.Debug|x64.ActiveCfg = Debug|x64
		{B9F62345-E948-33EC-B30B-2B68BF1A09B4}.Debug|x64.Build.0 = Debug|x64
		{B9F62345-E948-33EC-B30B-2B68BF1A09B4}.Release|x64.ActiveCfg = Release|x64
		{B9F62345-E948-33EC-B30B-2B68BF1A09B4}.Release|x64.Build.0 = Release|x64
		{B9F62345-E948-33EC-B30B-2B68BF1A09B4}.MinSizeRel|x64.ActiveCfg = MinSizeRel|x64
		{B9F62345-E948-33EC-B30B-2B68BF1A09B4}.MinSizeRel|x64.Build.0 = MinSizeRel|x64
		{B9F62345-E948-33EC-B30B-2B68BF1A09B4}.RelWithDebInfo|x64.ActiveCfg = RelWithDebInfo|x64
		{B9F62345-E948-33EC-B30B-2B68BF1A09B4}.RelWithDebInfo|x64.Build.0 = RelWithDebInfo|x64
		{209797E1-779E-335A-A3F4-209656B7AE0E}.Debug|x64.ActiveCfg = Debug|x64
		{209797E1-779E-335A-A3F4-209656B7AE0E}.Debug|x64.Build.0 = Debug|x64
		{209797E1-779E-335A-A3F4-209656B7AE0E}.Release|x64.ActiveCfg = Release|x64
		{209797E1-779E-335A-A3F4-209656B7AE0E}.Release|x64.Build.0 = Release|x64
		{209797E1-779E-335A-A3F4-209656B7AE0E}.MinSizeRel|x64.ActiveCfg = MinSizeRel|x64
		{209797E1-779E-335A-A3F4-209656B7AE0E}.MinSizeRel|x64.Build.0 = MinSizeRel|x64
		{209797E1-779E-335A-A3F4-209656B7AE0E}.RelWithDebInfo|x64.ActiveCfg = RelWithDebInfo|x64
		{209797E1-779E-335A-A3F4-209656B7AE0E}.RelWithDebInfo|x64.Build.0 = RelWithDebInfo|x64
		{FB2D68CF-F9E3-32BF-B9CA-310E1D0038F7}.Debug|x64.ActiveCfg = Debug|x64
		{FB2D68CF-F9E3-32BF-B9CA-310E1D0038F7}.Debug|x64.Build.0 = Debug|x64
		{FB2D68CF-F9E3-32BF-B9CA-310E1D0038F7}.Release|x64.ActiveCfg = Release|x64
		{FB2D68CF-F9E3-32BF-B9CA-310E1D0038F7}.Release|x64.Build.0 = Release|x64
		{FB2D68CF-F9E3-32BF-B9CA-310E1D0038F7}.MinSizeRel|x64.ActiveCfg = MinSizeRel|x64
		{FB2D68CF-F9E3-32BF-B9CA-310E1D0038F7}.MinSizeRel|x64.Build.0 = MinSizeRel|x64
		{FB2D68CF-F9E3-32BF-B9CA-310E1D0038F7}.RelWithDebInfo|x64.ActiveCfg = RelWithDebInfo|x64
		{FB2D68CF-F9E3-32BF-B9CA-310E1D0038F7}.RelWithDebInfo|x64.Build.0 = RelWithDebInfo|x64
	EndGlobalSection
	GlobalSection(ExtensibilityGlobals) = postSolution
		SolutionGuid = {8CFB1114-403F-30D7-BA0F-11B6F000AD34}
	EndGlobalSection
	GlobalSection(ExtensibilityAddIns) = postSolution
	EndGlobalSection
EndGlobal
