<?xml version="1.0" encoding="utf-8"?>
<Project ToolsVersion="17.0" xmlns="http://schemas.microsoft.com/developer/msbuild/2003">
  <ItemGroup>
    <ClCompile Include="E:\Project\FlyKylin\build-verify\src\core\flykylin_core_autogen\mocs_compilation_Debug.cpp">
      <Filter>Source Files</Filter>
    </ClCompile>
    <ClCompile Include="E:\Project\FlyKylin\src\core\config\UserProfile.cpp">
      <Filter>Source Files</Filter>
    </ClCompile>
    <ClCompile Include="E:\Project\FlyKylin\src\core\config\ConfigManager.cpp">
      <Filter>Source Files</Filter>
    </ClCompile>
    <ClCompile Include="E:\Project\FlyKylin\src\core\models\PeerNode.cpp">
      <Filter>Source Files</Filter>
    </ClCompile>
    <ClCompile Include="E:\Project\FlyKylin\src\core\models\Message.cpp">
      <Filter>Source Files</Filter>
    </ClCompile>
    <ClCompile Include="E:\Project\FlyKylin\src\core\adapters\ProtobufSerializer.cpp">
      <Filter>Source Files</Filter>
    </ClCompile>
    <ClCompile Include="E:\Project\FlyKylin\src\core\communication\NetworkInterfaceCache.cpp">
      <Filter>Source Files</Filter>
    </ClCompile>
    <ClCompile Include="E:\Project\FlyKylin\src\core\communication\PeerDiscovery.cpp">
      <Filter>Source Files</Filter>
    </ClCompile>
    <ClCompile Include="E:\Project\FlyKylin\src\core\communication\RetryStrategy.cpp">
      <Filter>Source Files</Filter>
    </ClCompile>
    <ClCompile Include="E:\Project\FlyKylin\src\core\communication\TcpConnection.cpp">
      <Filter>Source Files</Filter>
    </ClCompile>
    <ClCompile Include="E:\Project\FlyKylin\src\core\communication\MessageQueue.cpp">
      <Filter>Source Files</Filter>
    </ClCompile>
    <ClCompile Include="E:\Project\FlyKylin\src\core\communication\TcpConnectionManager.cpp">
      <Filter>Source Files</Filter>
    </ClCompile>
    <ClCompile Include="E:\Project\FlyKylin\src\core\services\MessageService.cpp">
      <Filter>Source Files</Filter>
    </ClCompile>
    <ClCompile Include="E:\Project\FlyKylin\src\core\services\LocalEchoService.cpp">
      <Filter>Source Files</Filter>
    </ClCompile>
    <ClCompile Include="E:\Project\FlyKylin\build-verify\src\core\flykylin_core_autogen\mocs_compilation_Release.cpp">
      <Filter>Source Files</Filter>
    </ClCompile>
    <ClCompile Include="E:\Project\FlyKylin\build-verify\src\core\flykylin_core_autogen\mocs_compilation_MinSizeRel.cpp">
      <Filter>Source Files</Filter>
    </ClCompile>
    <ClCompile Include="E:\Project\FlyKylin\build-verify\src\core\flykylin_core_autogen\mocs_compilation_RelWithDebInfo.cpp">
      <Filter>Source Files</Filter>
    </ClCompile>
  </ItemGroup>
  <ItemGroup>
    <ClInclude Include="E:\Project\FlyKylin\src\core\config\UserProfile.h">
      <Filter>Header Files</Filter>
    </ClInclude>
    <ClInclude Include="E:\Project\FlyKylin\src\core\config\ConfigManager.h">
      <Filter>Header Files</Filter>
    </ClInclude>
    <ClInclude Include="E:\Project\FlyKylin\src\core\models\PeerNode.h">
      <Filter>Header Files</Filter>
    </ClInclude>
    <ClInclude Include="E:\Project\FlyKylin\src\core\models\Message.h">
      <Filter>Header Files</Filter>
    </ClInclude>
    <ClInclude Include="E:\Project\FlyKylin\src\core\adapters\ProtobufSerializer.h">
      <Filter>Header Files</Filter>
    </ClInclude>
    <ClInclude Include="E:\Project\FlyKylin\src\core\communication\NetworkInterfaceCache.h">
      <Filter>Header Files</Filter>
    </ClInclude>
    <ClInclude Include="E:\Project\FlyKylin\src\core\communication\PeerDiscovery.h">
      <Filter>Header Files</Filter>
    </ClInclude>
    <ClInclude Include="E:\Project\FlyKylin\src\core\communication\RetryStrategy.h">
      <Filter>Header Files</Filter>
    </ClInclude>
    <ClInclude Include="E:\Project\FlyKylin\src\core\communication\TcpConnection.h">
      <Filter>Header Files</Filter>
    </ClInclude>
    <ClInclude Include="E:\Project\FlyKylin\src\core\communication\MessageQueue.h">
      <Filter>Header Files</Filter>
    </ClInclude>
    <ClInclude Include="E:\Project\FlyKylin\src\core\communication\TcpConnectionManager.h">
      <Filter>Header Files</Filter>
    </ClInclude>
    <ClInclude Include="E:\Project\FlyKylin\src\core\services\MessageService.h">
      <Filter>Header Files</Filter>
    </ClInclude>
    <ClInclude Include="E:\Project\FlyKylin\src\core\services\LocalEchoService.h">
      <Filter>Header Files</Filter>
    </ClInclude>
  </ItemGroup>
  <ItemGroup>
    <CustomBuild Include="E:\Project\FlyKylin\src\core\CMakeLists.txt" />
  </ItemGroup>
  <ItemGroup>
    <Filter Include="Header Files">
      <UniqueIdentifier>{DEFFA1AF-61C1-3B17-BB51-5067292EB9D4}</UniqueIdentifier>
    </Filter>
    <Filter Include="Source Files">
      <UniqueIdentifier>{908C6DD6-E0AD-33C3-AAB8-953ED93ECE38}</UniqueIdentifier>
    </Filter>
  </ItemGroup>
</Project>
