<?xml version="1.0" encoding="utf-8"?>
<Project ToolsVersion="17.0" xmlns="http://schemas.microsoft.com/developer/msbuild/2003">
  <ItemGroup>
    <ClCompile Include="E:\Project\FlyKylin\build-test\protocol\flykylin_protocol_autogen\mocs_compilation_Debug.cpp">
      <Filter>Source Files</Filter>
    </ClCompile>
    <ClCompile Include="E:\Project\FlyKylin\build-test\protocol\messages.pb.cc">
      <Filter>Source Files</Filter>
    </ClCompile>
    <ClCompile Include="E:\Project\FlyKylin\build-test\protocol\flykylin_protocol_autogen\mocs_compilation_Release.cpp">
      <Filter>Source Files</Filter>
    </ClCompile>
    <ClCompile Include="E:\Project\FlyKylin\build-test\protocol\flykylin_protocol_autogen\mocs_compilation_MinSizeRel.cpp">
      <Filter>Source Files</Filter>
    </ClCompile>
    <ClCompile Include="E:\Project\FlyKylin\build-test\protocol\flykylin_protocol_autogen\mocs_compilation_RelWithDebInfo.cpp">
      <Filter>Source Files</Filter>
    </ClCompile>
  </ItemGroup>
  <ItemGroup>
    <ClInclude Include="E:\Project\FlyKylin\build-test\protocol\messages.pb.h">
      <Filter>Header Files</Filter>
    </ClInclude>
  </ItemGroup>
  <ItemGroup>
    <CustomBuild Include="E:\Project\FlyKylin\protocol\CMakeLists.txt" />
  </ItemGroup>
  <ItemGroup>
    <None Include="E:\Project\FlyKylin\protocol\messages.proto" />
  </ItemGroup>
  <ItemGroup>
    <Filter Include="CMake Rules">
      <UniqueIdentifier>{46B37AA3-7BB7-36F3-9F73-3DBBC389E2EC}</UniqueIdentifier>
    </Filter>
    <Filter Include="Header Files">
      <UniqueIdentifier>{0EC84E2D-0B50-33C5-8D59-C599D0C90C20}</UniqueIdentifier>
    </Filter>
    <Filter Include="Source Files">
      <UniqueIdentifier>{E03078BC-A8DD-3B0E-A43E-FEE8FB42822A}</UniqueIdentifier>
    </Filter>
  </ItemGroup>
</Project>
