<?xml version="1.0" encoding="utf-8"?>
<Project ToolsVersion="17.0" xmlns="http://schemas.microsoft.com/developer/msbuild/2003">
  <ItemGroup>
    <ClCompile Include="E:\Project\FlyKylin\build-verify\tests\flykylin_tests_autogen\mocs_compilation_Debug.cpp">
      <Filter>Source Files</Filter>
    </ClCompile>
    <ClCompile Include="E:\Project\FlyKylin\tests\core\ProtobufSerializer_test.cpp">
      <Filter>Source Files</Filter>
    </ClCompile>
    <ClCompile Include="E:\Project\FlyKylin\tests\core\services\MessageService_test.cpp">
      <Filter>Source Files</Filter>
    </ClCompile>
    <ClCompile Include="E:\Project\FlyKylin\tests\ui\viewmodels\ChatViewModel_test.cpp">
      <Filter>Source Files</Filter>
    </ClCompile>
    <ClCompile Include="E:\Project\FlyKylin\build-verify\tests\flykylin_tests_autogen\mocs_compilation_Release.cpp">
      <Filter>Source Files</Filter>
    </ClCompile>
    <ClCompile Include="E:\Project\FlyKylin\build-verify\tests\flykylin_tests_autogen\mocs_compilation_MinSizeRel.cpp">
      <Filter>Source Files</Filter>
    </ClCompile>
    <ClCompile Include="E:\Project\FlyKylin\build-verify\tests\flykylin_tests_autogen\mocs_compilation_RelWithDebInfo.cpp">
      <Filter>Source Files</Filter>
    </ClCompile>
  </ItemGroup>
  <ItemGroup>
    <CustomBuild Include="E:\Project\FlyKylin\tests\CMakeLists.txt" />
  </ItemGroup>
  <ItemGroup>
    <Filter Include="Source Files">
      <UniqueIdentifier>{908C6DD6-E0AD-33C3-AAB8-953ED93ECE38}</UniqueIdentifier>
    </Filter>
  </ItemGroup>
</Project>
