<?xml version="1.0" encoding="utf-8"?>
<Project ToolsVersion="17.0" xmlns="http://schemas.microsoft.com/developer/msbuild/2003">
  <ItemGroup>
    <CustomBuild Include="E:\Project\FlyKylin\build-verify\CMakeFiles\b5a92d110b2766e5295dadf0b59d4e5d\PACKAGE_force.rule">
      <Filter>CMake Rules</Filter>
    </CustomBuild>
  </ItemGroup>
  <ItemGroup>
    <Filter Include="CMake Rules">
      <UniqueIdentifier>{CAEFF6FF-A451-336B-BF82-9A3201BBF4C9}</UniqueIdentifier>
    </Filter>
  </ItemGroup>
</Project>
